
Microsoft Visual Studio Solution File, Format Version 12.00
# Visual Studio Version 16
VisualStudioVersion = 16.0.31313.79
MinimumVisualStudioVersion = 10.0.40219.1
Project("{FAE04EC0-301F-11D3-BF4B-00C04F79EFBC}") = "Interaction with DB", "Interaction with DB\Interaction with DB.csproj", "{09AD068A-2A3A-4B85-96C7-C6E3DF577BB1}"
EndProject
Global
	GlobalSection(SolutionConfigurationPlatforms) = preSolution
		Debug|Any CPU = Debug|Any CPU
		Release|Any CPU = Release|Any CPU
	EndGlobalSection
	GlobalSection(ProjectConfigurationPlatforms) = postSolution
		{09AD068A-2A3A-4B85-96C7-C6E3DF577BB1}.Debug|Any CPU.ActiveCfg = Debug|Any CPU
		{09AD068A-2A3A-4B85-96C7-C6E3DF577BB1}.Debug|Any CPU.Build.0 = Debug|Any CPU
		{09AD068A-2A3A-4B85-96C7-C6E3DF577BB1}.Release|Any CPU.ActiveCfg = Release|Any CPU
		{09AD068A-2A3A-4B85-96C7-C6E3DF577BB1}.Release|Any CPU.Build.0 = Release|Any CPU
	EndGlobalSection
	GlobalSection(SolutionProperties) = preSolution
		HideSolutionNode = FALSE
	EndGlobalSection
	GlobalSection(ExtensibilityGlobals) = postSolution
		SolutionGuid = {5280AFFA-F2C9-4163-B346-F3E9019CC641}
	EndGlobalSection
EndGlobal
